
Microsoft Visual Studio Solution File, Format Version 12.00
Project("{FAE04EC0-301F-11D3-BF4B-00C04F79EFBC}") = "PTH.Logic", "PTH.Logic\PTH.Logic.csproj", "{7F4F21C4-B237-4282-B399-E69CAA7488A9}"
EndProject
Project("{FAE04EC0-301F-11D3-BF4B-00C04F79EFBC}") = "PTH.API", "PTH.API\PTH.API.csproj", "{F48BC382-3C7D-41AD-9AF8-BAFF9355EF31}"
EndProject
Project("{FAE04EC0-301F-11D3-BF4B-00C04F79EFBC}") = "PTH.Console", "PTH.Console\PTH.Console.csproj", "{E15941CB-6EAD-4C7C-A667-EBBB16D872B2}"
EndProject
Project("{FAE04EC0-301F-11D3-BF4B-00C04F79EFBC}") = "PTH.Domain", "PTH.Domain\PTH.Domain.csproj", "{1264F38B-3C10-4104-A136-A0ADDC948425}"
EndProject
Project("{FAE04EC0-301F-11D3-BF4B-00C04F79EFBC}") = "PTH.Web", "PTH.Web\PTH.Web.csproj", "{10C092EA-12C1-414F-90B4-6BD853967720}"
EndProject
Global
	GlobalSection(SolutionConfigurationPlatforms) = preSolution
		Debug|Any CPU = Debug|Any CPU
		Release|Any CPU = Release|Any CPU
	EndGlobalSection
	GlobalSection(ProjectConfigurationPlatforms) = postSolution
		{7F4F21C4-B237-4282-B399-E69CAA7488A9}.Debug|Any CPU.ActiveCfg = Debug|Any CPU
		{7F4F21C4-B237-4282-B399-E69CAA7488A9}.Debug|Any CPU.Build.0 = Debug|Any CPU
		{7F4F21C4-B237-4282-B399-E69CAA7488A9}.Release|Any CPU.ActiveCfg = Release|Any CPU
		{7F4F21C4-B237-4282-B399-E69CAA7488A9}.Release|Any CPU.Build.0 = Release|Any CPU
		{F48BC382-3C7D-41AD-9AF8-BAFF9355EF31}.Debug|Any CPU.ActiveCfg = Debug|Any CPU
		{F48BC382-3C7D-41AD-9AF8-BAFF9355EF31}.Debug|Any CPU.Build.0 = Debug|Any CPU
		{F48BC382-3C7D-41AD-9AF8-BAFF9355EF31}.Release|Any CPU.ActiveCfg = Release|Any CPU
		{F48BC382-3C7D-41AD-9AF8-BAFF9355EF31}.Release|Any CPU.Build.0 = Release|Any CPU
		{E15941CB-6EAD-4C7C-A667-EBBB16D872B2}.Debug|Any CPU.ActiveCfg = Debug|Any CPU
		{E15941CB-6EAD-4C7C-A667-EBBB16D872B2}.Debug|Any CPU.Build.0 = Debug|Any CPU
		{E15941CB-6EAD-4C7C-A667-EBBB16D872B2}.Release|Any CPU.ActiveCfg = Release|Any CPU
		{E15941CB-6EAD-4C7C-A667-EBBB16D872B2}.Release|Any CPU.Build.0 = Release|Any CPU
		{1264F38B-3C10-4104-A136-A0ADDC948425}.Debug|Any CPU.ActiveCfg = Debug|Any CPU
		{1264F38B-3C10-4104-A136-A0ADDC948425}.Debug|Any CPU.Build.0 = Debug|Any CPU
		{1264F38B-3C10-4104-A136-A0ADDC948425}.Release|Any CPU.ActiveCfg = Release|Any CPU
		{1264F38B-3C10-4104-A136-A0ADDC948425}.Release|Any CPU.Build.0 = Release|Any CPU
		{10C092EA-12C1-414F-90B4-6BD853967720}.Debug|Any CPU.ActiveCfg = Debug|Any CPU
		{10C092EA-12C1-414F-90B4-6BD853967720}.Debug|Any CPU.Build.0 = Debug|Any CPU
		{10C092EA-12C1-414F-90B4-6BD853967720}.Release|Any CPU.ActiveCfg = Release|Any CPU
		{10C092EA-12C1-414F-90B4-6BD853967720}.Release|Any CPU.Build.0 = Release|Any CPU
	EndGlobalSection
EndGlobal
